
Microsoft Visual Studio Solution File, Format Version 12.00
# Visual Studio 15
Project("{FAE04EC0-301F-11D3-BF4B-00C04F79EFBC}") = "Assembly-CSharp", "Assembly-CSharp.csproj", "{C389CA25-30C4-E037-FD14-909DFE4949F1}"
EndProject
Project("{FAE04EC0-301F-11D3-BF4B-00C04F79EFBC}") = "VuforiaScripts", "VuforiaScripts.csproj", "{096BFB29-A6C4-8CD5-7325-1ADD442B4BF9}"
EndProject
Project("{FAE04EC0-301F-11D3-BF4B-00C04F79EFBC}") = "Assembly-CSharp-Editor", "Assembly-CSharp-Editor.csproj", "{9F7D639D-EA68-2FEF-06FE-C35E76E15B49}"
EndProject
Project("{FAE04EC0-301F-11D3-BF4B-00C04F79EFBC}") = "VuforiaEditorScripts", "VuforiaEditorScripts.csproj", "{B61D2765-B617-C3D4-F0DD-7FEF1D1D29BD}"
EndProject
Global
	GlobalSection(SolutionConfigurationPlatforms) = preSolution
		Debug|Any CPU = Debug|Any CPU
		Release|Any CPU = Release|Any CPU
	EndGlobalSection
	GlobalSection(ProjectConfigurationPlatforms) = postSolution
		{C389CA25-30C4-E037-FD14-909DFE4949F1}.Debug|Any CPU.ActiveCfg = Debug|Any CPU
		{C389CA25-30C4-E037-FD14-909DFE4949F1}.Debug|Any CPU.Build.0 = Debug|Any CPU
		{C389CA25-30C4-E037-FD14-909DFE4949F1}.Release|Any CPU.ActiveCfg = Release|Any CPU
		{C389CA25-30C4-E037-FD14-909DFE4949F1}.Release|Any CPU.Build.0 = Release|Any CPU
		{096BFB29-A6C4-8CD5-7325-1ADD442B4BF9}.Debug|Any CPU.ActiveCfg = Debug|Any CPU
		{096BFB29-A6C4-8CD5-7325-1ADD442B4BF9}.Debug|Any CPU.Build.0 = Debug|Any CPU
		{096BFB29-A6C4-8CD5-7325-1ADD442B4BF9}.Release|Any CPU.ActiveCfg = Release|Any CPU
		{096BFB29-A6C4-8CD5-7325-1ADD442B4BF9}.Release|Any CPU.Build.0 = Release|Any CPU
		{9F7D639D-EA68-2FEF-06FE-C35E76E15B49}.Debug|Any CPU.ActiveCfg = Debug|Any CPU
		{9F7D639D-EA68-2FEF-06FE-C35E76E15B49}.Debug|Any CPU.Build.0 = Debug|Any CPU
		{9F7D639D-EA68-2FEF-06FE-C35E76E15B49}.Release|Any CPU.ActiveCfg = Release|Any CPU
		{9F7D639D-EA68-2FEF-06FE-C35E76E15B49}.Release|Any CPU.Build.0 = Release|Any CPU
		{B61D2765-B617-C3D4-F0DD-7FEF1D1D29BD}.Debug|Any CPU.ActiveCfg = Debug|Any CPU
		{B61D2765-B617-C3D4-F0DD-7FEF1D1D29BD}.Debug|Any CPU.Build.0 = Debug|Any CPU
		{B61D2765-B617-C3D4-F0DD-7FEF1D1D29BD}.Release|Any CPU.ActiveCfg = Release|Any CPU
		{B61D2765-B617-C3D4-F0DD-7FEF1D1D29BD}.Release|Any CPU.Build.0 = Release|Any CPU
	EndGlobalSection
	GlobalSection(SolutionProperties) = preSolution
		HideSolutionNode = FALSE
	EndGlobalSection
EndGlobal
